lockfileVersion: '9.0'

settings:
  autoInstallPeers: true
  excludeLinksFromLockfile: false

importers:

  .:
    dependencies:
      lucide-static:
        specifier: ^1.21.0
        version: 1.21.0

packages:

  lucide-static@1.21.0:
    resolution: {integrity: sha512-6248z2/4sEyKkYAPPUYxOPiB2RCfMmLdMHuoOhsTFnoD40ixAoHmTVhOPux8ADa1NTBmzpEKF7WNePm+Ms503Q==}

snapshots:

  lucide-static@1.21.0: {}
