lockfileVersion: '9.0'

settings:
  autoInstallPeers: true
  excludeLinksFromLockfile: false

importers:

  .:
    dependencies:
      lucide-static:
        specifier: ^1.18.0
        version: 1.18.0

packages:

  lucide-static@1.18.0:
    resolution: {integrity: sha512-0WRXLQnjbte5SXuzom6yfeGlVSFsEsC9rzxn66DZN0pXows3+N34CQHy3BHI1qA3uH7u/SUzx8LQhjeAnxd8JQ==}

snapshots:

  lucide-static@1.18.0: {}
