lockfileVersion: '9.0'

settings:
  autoInstallPeers: true
  excludeLinksFromLockfile: false

importers:

  .:
    dependencies:
      lucide-static:
        specifier: ^1.33.0
        version: 1.33.0

packages:

  lucide-static@1.33.0:
    resolution: {integrity: sha512-jNGgvTNcLUfVRX4N9PH9pVVTJzoph/BmYmgU838bYBQodkUJL4nAThkuymFz1x3OUYMhJxPndC7rdg1sxOPYKg==}

snapshots:

  lucide-static@1.33.0: {}
